
Microsoft Visual Studio Solution File, Format Version 12.00
# Visual Studio 15
VisualStudioVersion = 15.0.26124.0
MinimumVisualStudioVersion = 15.0.26124.0
Project("{F2A71F9B-5D33-465A-A702-920D77279786}") = "functions", "functions\functions.fsproj", "{7E1524E8-F677-436B-BEAD-07DB67F40E01}"
EndProject
Project("{F2A71F9B-5D33-465A-A702-920D77279786}") = "types", "types\types.fsproj", "{731EF995-3F33-4197-B5B8-EDD3B66F54D9}"
EndProject
Project("{F2A71F9B-5D33-465A-A702-920D77279786}") = "active_patterns", "active_patterns\active_patterns.fsproj", "{1C3AC147-8DF5-4400-92A3-7501B6BC9F34}"
EndProject
Project("{F2A71F9B-5D33-465A-A702-920D77279786}") = "infix_prefix", "infix_prefix\infix_prefix.fsproj", "{7DC742F5-C14E-4602-B222-B887756A44D5}"
EndProject
Global
	GlobalSection(SolutionConfigurationPlatforms) = preSolution
		Debug|Any CPU = Debug|Any CPU
		Debug|x64 = Debug|x64
		Debug|x86 = Debug|x86
		Release|Any CPU = Release|Any CPU
		Release|x64 = Release|x64
		Release|x86 = Release|x86
	EndGlobalSection
	GlobalSection(SolutionProperties) = preSolution
		HideSolutionNode = FALSE
	EndGlobalSection
	GlobalSection(ProjectConfigurationPlatforms) = postSolution
		{7E1524E8-F677-436B-BEAD-07DB67F40E01}.Debug|Any CPU.ActiveCfg = Debug|Any CPU
		{7E1524E8-F677-436B-BEAD-07DB67F40E01}.Debug|Any CPU.Build.0 = Debug|Any CPU
		{7E1524E8-F677-436B-BEAD-07DB67F40E01}.Debug|x64.ActiveCfg = Debug|Any CPU
		{7E1524E8-F677-436B-BEAD-07DB67F40E01}.Debug|x64.Build.0 = Debug|Any CPU
		{7E1524E8-F677-436B-BEAD-07DB67F40E01}.Debug|x86.ActiveCfg = Debug|Any CPU
		{7E1524E8-F677-436B-BEAD-07DB67F40E01}.Debug|x86.Build.0 = Debug|Any CPU
		{7E1524E8-F677-436B-BEAD-07DB67F40E01}.Release|Any CPU.ActiveCfg = Release|Any CPU
		{7E1524E8-F677-436B-BEAD-07DB67F40E01}.Release|Any CPU.Build.0 = Release|Any CPU
		{7E1524E8-F677-436B-BEAD-07DB67F40E01}.Release|x64.ActiveCfg = Release|Any CPU
		{7E1524E8-F677-436B-BEAD-07DB67F40E01}.Release|x64.Build.0 = Release|Any CPU
		{7E1524E8-F677-436B-BEAD-07DB67F40E01}.Release|x86.ActiveCfg = Release|Any CPU
		{7E1524E8-F677-436B-BEAD-07DB67F40E01}.Release|x86.Build.0 = Release|Any CPU
		{731EF995-3F33-4197-B5B8-EDD3B66F54D9}.Debug|Any CPU.ActiveCfg = Debug|Any CPU
		{731EF995-3F33-4197-B5B8-EDD3B66F54D9}.Debug|Any CPU.Build.0 = Debug|Any CPU
		{731EF995-3F33-4197-B5B8-EDD3B66F54D9}.Debug|x64.ActiveCfg = Debug|Any CPU
		{731EF995-3F33-4197-B5B8-EDD3B66F54D9}.Debug|x64.Build.0 = Debug|Any CPU
		{731EF995-3F33-4197-B5B8-EDD3B66F54D9}.Debug|x86.ActiveCfg = Debug|Any CPU
		{731EF995-3F33-4197-B5B8-EDD3B66F54D9}.Debug|x86.Build.0 = Debug|Any CPU
		{731EF995-3F33-4197-B5B8-EDD3B66F54D9}.Release|Any CPU.ActiveCfg = Release|Any CPU
		{731EF995-3F33-4197-B5B8-EDD3B66F54D9}.Release|Any CPU.Build.0 = Release|Any CPU
		{731EF995-3F33-4197-B5B8-EDD3B66F54D9}.Release|x64.ActiveCfg = Release|Any CPU
		{731EF995-3F33-4197-B5B8-EDD3B66F54D9}.Release|x64.Build.0 = Release|Any CPU
		{731EF995-3F33-4197-B5B8-EDD3B66F54D9}.Release|x86.ActiveCfg = Release|Any CPU
		{731EF995-3F33-4197-B5B8-EDD3B66F54D9}.Release|x86.Build.0 = Release|Any CPU
		{1C3AC147-8DF5-4400-92A3-7501B6BC9F34}.Debug|Any CPU.ActiveCfg = Debug|Any CPU
		{1C3AC147-8DF5-4400-92A3-7501B6BC9F34}.Debug|Any CPU.Build.0 = Debug|Any CPU
		{1C3AC147-8DF5-4400-92A3-7501B6BC9F34}.Debug|x64.ActiveCfg = Debug|Any CPU
		{1C3AC147-8DF5-4400-92A3-7501B6BC9F34}.Debug|x64.Build.0 = Debug|Any CPU
		{1C3AC147-8DF5-4400-92A3-7501B6BC9F34}.Debug|x86.ActiveCfg = Debug|Any CPU
		{1C3AC147-8DF5-4400-92A3-7501B6BC9F34}.Debug|x86.Build.0 = Debug|Any CPU
		{1C3AC147-8DF5-4400-92A3-7501B6BC9F34}.Release|Any CPU.ActiveCfg = Release|Any CPU
		{1C3AC147-8DF5-4400-92A3-7501B6BC9F34}.Release|Any CPU.Build.0 = Release|Any CPU
		{1C3AC147-8DF5-4400-92A3-7501B6BC9F34}.Release|x64.ActiveCfg = Release|Any CPU
		{1C3AC147-8DF5-4400-92A3-7501B6BC9F34}.Release|x64.Build.0 = Release|Any CPU
		{1C3AC147-8DF5-4400-92A3-7501B6BC9F34}.Release|x86.ActiveCfg = Release|Any CPU
		{1C3AC147-8DF5-4400-92A3-7501B6BC9F34}.Release|x86.Build.0 = Release|Any CPU
		{7DC742F5-C14E-4602-B222-B887756A44D5}.Debug|Any CPU.ActiveCfg = Debug|Any CPU
		{7DC742F5-C14E-4602-B222-B887756A44D5}.Debug|Any CPU.Build.0 = Debug|Any CPU
		{7DC742F5-C14E-4602-B222-B887756A44D5}.Debug|x64.ActiveCfg = Debug|Any CPU
		{7DC742F5-C14E-4602-B222-B887756A44D5}.Debug|x64.Build.0 = Debug|Any CPU
		{7DC742F5-C14E-4602-B222-B887756A44D5}.Debug|x86.ActiveCfg = Debug|Any CPU
		{7DC742F5-C14E-4602-B222-B887756A44D5}.Debug|x86.Build.0 = Debug|Any CPU
		{7DC742F5-C14E-4602-B222-B887756A44D5}.Release|Any CPU.ActiveCfg = Release|Any CPU
		{7DC742F5-C14E-4602-B222-B887756A44D5}.Release|Any CPU.Build.0 = Release|Any CPU
		{7DC742F5-C14E-4602-B222-B887756A44D5}.Release|x64.ActiveCfg = Release|Any CPU
		{7DC742F5-C14E-4602-B222-B887756A44D5}.Release|x64.Build.0 = Release|Any CPU
		{7DC742F5-C14E-4602-B222-B887756A44D5}.Release|x86.ActiveCfg = Release|Any CPU
		{7DC742F5-C14E-4602-B222-B887756A44D5}.Release|x86.Build.0 = Release|Any CPU
	EndGlobalSection
EndGlobal
